
Microsoft Visual Studio Solution File, Format Version 12.00
# Visual Studio Version 17
VisualStudioVersion = 17.11.35017.193
MinimumVisualStudioVersion = 10.0.40219.1
Project("{9A19103F-16F7-4668-BE54-9A1E7A4F7556}") = "Deltalake.Kernel.Rust.Interop", "src\Deltalake.Kernel.Rust.Interop\Deltalake.Kernel.Rust.Interop.csproj", "{3043C8AC-AC02-4BDD-B86D-ED8A169A4645}"
EndProject
Project("{9A19103F-16F7-4668-BE54-9A1E7A4F7556}") = "Deltalake.Kernel.Rust.Interop.Ffi.Test", "src\Deltalake.Kernel.Rust.Interop.Ffi.Test\Deltalake.Kernel.Rust.Interop.Ffi.Test.csproj", "{E5829855-F529-4909-A5BE-29C228274195}"
EndProject
Global
	GlobalSection(SolutionConfigurationPlatforms) = preSolution
		Debug|Any CPU = Debug|Any CPU
		Release|Any CPU = Release|Any CPU
	EndGlobalSection
	GlobalSection(ProjectConfigurationPlatforms) = postSolution
		{3043C8AC-AC02-4BDD-B86D-ED8A169A4645}.Debug|Any CPU.ActiveCfg = Debug|Any CPU
		{3043C8AC-AC02-4BDD-B86D-ED8A169A4645}.Debug|Any CPU.Build.0 = Debug|Any CPU
		{3043C8AC-AC02-4BDD-B86D-ED8A169A4645}.Release|Any CPU.ActiveCfg = Release|Any CPU
		{3043C8AC-AC02-4BDD-B86D-ED8A169A4645}.Release|Any CPU.Build.0 = Release|Any CPU
		{E5829855-F529-4909-A5BE-29C228274195}.Debug|Any CPU.ActiveCfg = Debug|Any CPU
		{E5829855-F529-4909-A5BE-29C228274195}.Debug|Any CPU.Build.0 = Debug|Any CPU
		{E5829855-F529-4909-A5BE-29C228274195}.Release|Any CPU.ActiveCfg = Release|Any CPU
		{E5829855-F529-4909-A5BE-29C228274195}.Release|Any CPU.Build.0 = Release|Any CPU
	EndGlobalSection
	GlobalSection(SolutionProperties) = preSolution
		HideSolutionNode = FALSE
	EndGlobalSection
	GlobalSection(ExtensibilityGlobals) = postSolution
		SolutionGuid = {FB308E52-EFC1-4B45-A710-6DD23F28A2A4}
	EndGlobalSection
EndGlobal
